
Microsoft Visual Studio Solution File, Format Version 12.00
# Visual Studio 14
VisualStudioVersion = 14.0.25420.1
MinimumVisualStudioVersion = 10.0.40219.1
Project("{8BB2217D-0F2D-49D1-97BC-3654ED321F3B}") = "OA.Data", "src\OA.Data\OA.Data.xproj", "{92D0B3F9-2E79-4476-A3E2-3EDC045BBFBE}"
EndProject
Project("{8BB2217D-0F2D-49D1-97BC-3654ED321F3B}") = "OA.Repo", "src\OA.Repo\OA.Repo.xproj", "{11E79063-BF76-4F68-BB8E-899F389F79F8}"
EndProject
Project("{8BB2217D-0F2D-49D1-97BC-3654ED321F3B}") = "OA.Services", "src\OA.Services\OA.Services.xproj", "{ED1B1B0A-0D81-45B9-9CE7-864446B167E9}"
EndProject
Global
	GlobalSection(SolutionConfigurationPlatforms) = preSolution
		Debug|Any CPU = Debug|Any CPU
		Release|Any CPU = Release|Any CPU
	EndGlobalSection
	GlobalSection(ProjectConfigurationPlatforms) = postSolution
		{92D0B3F9-2E79-4476-A3E2-3EDC045BBFBE}.Debug|Any CPU.ActiveCfg = Debug|Any CPU
		{92D0B3F9-2E79-4476-A3E2-3EDC045BBFBE}.Debug|Any CPU.Build.0 = Debug|Any CPU
		{92D0B3F9-2E79-4476-A3E2-3EDC045BBFBE}.Release|Any CPU.ActiveCfg = Release|Any CPU
		{92D0B3F9-2E79-4476-A3E2-3EDC045BBFBE}.Release|Any CPU.Build.0 = Release|Any CPU
		{11E79063-BF76-4F68-BB8E-899F389F79F8}.Debug|Any CPU.ActiveCfg = Debug|Any CPU
		{11E79063-BF76-4F68-BB8E-899F389F79F8}.Debug|Any CPU.Build.0 = Debug|Any CPU
		{11E79063-BF76-4F68-BB8E-899F389F79F8}.Release|Any CPU.ActiveCfg = Release|Any CPU
		{11E79063-BF76-4F68-BB8E-899F389F79F8}.Release|Any CPU.Build.0 = Release|Any CPU
		{ED1B1B0A-0D81-45B9-9CE7-864446B167E9}.Debug|Any CPU.ActiveCfg = Debug|Any CPU
		{ED1B1B0A-0D81-45B9-9CE7-864446B167E9}.Debug|Any CPU.Build.0 = Debug|Any CPU
		{ED1B1B0A-0D81-45B9-9CE7-864446B167E9}.Release|Any CPU.ActiveCfg = Release|Any CPU
		{ED1B1B0A-0D81-45B9-9CE7-864446B167E9}.Release|Any CPU.Build.0 = Release|Any CPU
	EndGlobalSection
	GlobalSection(SolutionProperties) = preSolution
		HideSolutionNode = FALSE
	EndGlobalSection
EndGlobal
